
Microsoft Visual Studio Solution File, Format Version 12.00
# Visual Studio Version 17
VisualStudioVersion = 17.3.32929.385
MinimumVisualStudioVersion = 10.0.40219.1
Project("{FAE04EC0-301F-11D3-BF4B-00C04F79EFBC}") = "project9", "project9.csproj", "{E5AAF59F-2BA6-4B21-8A9D-1D31A607FD34}"
EndProject
Global
	GlobalSection(SolutionConfigurationPlatforms) = preSolution
		Debug|Any CPU = Debug|Any CPU
		Release|Any CPU = Release|Any CPU
	EndGlobalSection
	GlobalSection(ProjectConfigurationPlatforms) = postSolution
		{E5AAF59F-2BA6-4B21-8A9D-1D31A607FD34}.Debug|Any CPU.ActiveCfg = Debug|Any CPU
		{E5AAF59F-2BA6-4B21-8A9D-1D31A607FD34}.Debug|Any CPU.Build.0 = Debug|Any CPU
		{E5AAF59F-2BA6-4B21-8A9D-1D31A607FD34}.Release|Any CPU.ActiveCfg = Release|Any CPU
		{E5AAF59F-2BA6-4B21-8A9D-1D31A607FD34}.Release|Any CPU.Build.0 = Release|Any CPU
	EndGlobalSection
	GlobalSection(SolutionProperties) = preSolution
		HideSolutionNode = FALSE
	EndGlobalSection
	GlobalSection(ExtensibilityGlobals) = postSolution
		SolutionGuid = {7E9A9908-8D38-4535-BE33-34035F49B36B}
	EndGlobalSection
EndGlobal
